// !$*UTF8*$!
{
	archiveVersion = 1;
	classes = {
	};
	objectVersion = 55;
	objects = {

/* Begin PBXBuildFile section */
		C40D0251F69F2D1C6EB9F97B /* Pods_kikoka.framework in Frameworks */ = {isa = PBXBuildFile; fileRef = 4DFEC4AB8D48AB3ECCD7377F /* Pods_kikoka.framework */; };
		D85A9A572752127500A75140 /* ShowQuestion.swift in Sources */ = {isa = PBXBuildFile; fileRef = D85A9A562752127500A75140 /* ShowQuestion.swift */; };
		D85A9A61275215B400A75140 /* ShowViewController.swift in Sources */ = {isa = PBXBuildFile; fileRef = D85A9A60275215B400A75140 /* ShowViewController.swift */; };
		D89606742751F008008BFFBE /* Question.swift in Sources */ = {isa = PBXBuildFile; fileRef = D89606732751F008008BFFBE /* Question.swift */; };
		D89606762751F0B4008BFFBE /* User.swift in Sources */ = {isa = PBXBuildFile; fileRef = D89606752751F0B4008BFFBE /* User.swift */; };
		D89606782751FC6F008BFFBE /* IndexViewController.swift in Sources */ = {isa = PBXBuildFile; fileRef = D89606772751FC6F008BFFBE /* IndexViewController.swift */; };
		D896067A2752016F008BFFBE /* Answer.swift in Sources */ = {isa = PBXBuildFile; fileRef = D89606792752016F008BFFBE /* Answer.swift */; };
		D8A6BBBC27527707004C07C5 /* StoreQuestionViewController.swift in Sources */ = {isa = PBXBuildFile; fileRef = D8A6BBBB27527707004C07C5 /* StoreQuestionViewController.swift */; };
		D8D595A72751B45A006FFD1F /* AppDelegate.swift in Sources */ = {isa = PBXBuildFile; fileRef = D8D595A62751B45A006FFD1F /* AppDelegate.swift */; };
		D8D595A92751B45A006FFD1F /* SceneDelegate.swift in Sources */ = {isa = PBXBuildFile; fileRef = D8D595A82751B45A006FFD1F /* SceneDelegate.swift */; };
		D8D595AB2751B45A006FFD1F /* ViewController.swift in Sources */ = {isa = PBXBuildFile; fileRef = D8D595AA2751B45A006FFD1F /* ViewController.swift */; };
		D8D595AE2751B45A006FFD1F /* Main.storyboard in Resources */ = {isa = PBXBuildFile; fileRef = D8D595AC2751B45A006FFD1F /* Main.storyboard */; };
		D8D595B02751B45B006FFD1F /* Assets.xcassets in Resources */ = {isa = PBXBuildFile; fileRef = D8D595AF2751B45B006FFD1F /* Assets.xcassets */; };
		D8D595B32751B45B006FFD1F /* LaunchScreen.storyboard in Resources */ = {isa = PBXBuildFile; fileRef = D8D595B12751B45B006FFD1F /* LaunchScreen.storyboard */; };
		D8D595BB2751B8CF006FFD1F /* FirstViewController.swift in Sources */ = {isa = PBXBuildFile; fileRef = D8D595BA2751B8CF006FFD1F /* FirstViewController.swift */; };
		D8D595C02751BAD5006FFD1F /* Constants.swift in Sources */ = {isa = PBXBuildFile; fileRef = D8D595BF2751BAD5006FFD1F /* Constants.swift */; };
		D8D595C22751C3A7006FFD1F /* LoginViewController.swift in Sources */ = {isa = PBXBuildFile; fileRef = D8D595C12751C3A7006FFD1F /* LoginViewController.swift */; };
		D8D595C42751C3EF006FFD1F /* RegisterViewController.swift in Sources */ = {isa = PBXBuildFile; fileRef = D8D595C32751C3EF006FFD1F /* RegisterViewController.swift */; };
/* End PBXBuildFile section */

/* Begin PBXFileReference section */
		2109A44CCC1F40462428A9A7 /* Pods-kikoka.release.xcconfig */ = {isa = PBXFileReference; includeInIndex = 1; lastKnownFileType = text.xcconfig; name = "Pods-kikoka.release.xcconfig"; path = "Target Support Files/Pods-kikoka/Pods-kikoka.release.xcconfig"; sourceTree = "<group>"; };
		4DFEC4AB8D48AB3ECCD7377F /* Pods_kikoka.framework */ = {isa = PBXFileReference; explicitFileType = wrapper.framework; includeInIndex = 0; path = Pods_kikoka.framework; sourceTree = BUILT_PRODUCTS_DIR; };
		8B157BF1AB1D69DC1DFE1E40 /* Pods-kikoka.debug.xcconfig */ = {isa = PBXFileReference; includeInIndex = 1; lastKnownFileType = text.xcconfig; name = "Pods-kikoka.debug.xcconfig"; path = "Target Support Files/Pods-kikoka/Pods-kikoka.debug.xcconfig"; sourceTree = "<group>"; };
		D85A9A562752127500A75140 /* ShowQuestion.swift */ = {isa = PBXFileReference; lastKnownFileType = sourcecode.swift; path = ShowQuestion.swift; sourceTree = "<group>"; };
		D85A9A60275215B400A75140 /* ShowViewController.swift */ = {isa = PBXFileReference; lastKnownFileType = sourcecode.swift; path = ShowViewController.swift; sourceTree = "<group>"; };
		D89606732751F008008BFFBE /* Question.swift */ = {isa = PBXFileReference; lastKnownFileType = sourcecode.swift; path = Question.swift; sourceTree = "<group>"; };
		D89606752751F0B4008BFFBE /* User.swift */ = {isa = PBXFileReference; lastKnownFileType = sourcecode.swift; path = User.swift; sourceTree = "<group>"; };
		D89606772751FC6F008BFFBE /* IndexViewController.swift */ = {isa = PBXFileReference; lastKnownFileType = sourcecode.swift; path = IndexViewController.swift; sourceTree = "<group>"; };
		D89606792752016F008BFFBE /* Answer.swift */ = {isa = PBXFileReference; lastKnownFileType = sourcecode.swift; path = Answer.swift; sourceTree = "<group>"; };
		D8A6BBBB27527707004C07C5 /* StoreQuestionViewController.swift */ = {isa = PBXFileReference; lastKnownFileType = sourcecode.swift; path = StoreQuestionViewController.swift; sourceTree = "<group>"; };
		D8D595A32751B45A006FFD1F /* kikoka.app */ = {isa = PBXFileReference; explicitFileType = wrapper.application; includeInIndex = 0; path = kikoka.app; sourceTree = BUILT_PRODUCTS_DIR; };
		D8D595A62751B45A006FFD1F /* AppDelegate.swift */ = {isa = PBXFileReference; lastKnownFileType = sourcecode.swift; path = AppDelegate.swift; sourceTree = "<group>"; };
		D8D595A82751B45A006FFD1F /* SceneDelegate.swift */ = {isa = PBXFileReference; lastKnownFileType = sourcecode.swift; path = SceneDelegate.swift; sourceTree = "<group>"; };
		D8D595AA2751B45A006FFD1F /* ViewController.swift */ = {isa = PBXFileReference; lastKnownFileType = sourcecode.swift; path = ViewController.swift; sourceTree = "<group>"; };
		D8D595AD2751B45A006FFD1F /* Base */ = {isa = PBXFileReference; lastKnownFileType = file.storyboard; name = Base; path = Base.lproj/Main.storyboard; sourceTree = "<group>"; };
		D8D595AF2751B45B006FFD1F /* Assets.xcassets */ = {isa = PBXFileReference; lastKnownFileType = folder.assetcatalog; path = Assets.xcassets; sourceTree = "<group>"; };
		D8D595B22751B45B006FFD1F /* Base */ = {isa = PBXFileReference; lastKnownFileType = file.storyboard; name = Base; path = Base.lproj/LaunchScreen.storyboard; sourceTree = "<group>"; };
		D8D595B42751B45B006FFD1F /* Info.plist */ = {isa = PBXFileReference; lastKnownFileType = text.plist.xml; path = Info.plist; sourceTree = "<group>"; };
		D8D595BA2751B8CF006FFD1F /* FirstViewController.swift */ = {isa = PBXFileReference; lastKnownFileType = sourcecode.swift; path = FirstViewController.swift; sourceTree = "<group>"; };
		D8D595BF2751BAD5006FFD1F /* Constants.swift */ = {isa = PBXFileReference; lastKnownFileType = sourcecode.swift; path = Constants.swift; sourceTree = "<group>"; };
		D8D595C12751C3A7006FFD1F /* LoginViewController.swift */ = {isa = PBXFileReference; lastKnownFileType = sourcecode.swift; path = LoginViewController.swift; sourceTree = "<group>"; };
		D8D595C32751C3EF006FFD1F /* RegisterViewController.swift */ = {isa = PBXFileReference; lastKnownFileType = sourcecode.swift; path = RegisterViewController.swift; sourceTree = "<group>"; };
/* End PBXFileReference section */

/* Begin PBXFrameworksBuildPhase section */
		D8D595A02751B45A006FFD1F /* Frameworks */ = {
			isa = PBXFrameworksBuildPhase;
			buildActionMask = 2147483647;
			files = (
				C40D0251F69F2D1C6EB9F97B /* Pods_kikoka.framework in Frameworks */,
			);
			runOnlyForDeploymentPostprocessing = 0;
		};
/* End PBXFrameworksBuildPhase section */

/* Begin PBXGroup section */
		223557F3D3D5243CF8B69994 /* Frameworks */ = {
			isa = PBXGroup;
			children = (
				4DFEC4AB8D48AB3ECCD7377F /* Pods_kikoka.framework */,
			);
			name = Frameworks;
			sourceTree = "<group>";
		};
		83E6CC952E6A0B22900B42F5 /* Pods */ = {
			isa = PBXGroup;
			children = (
				8B157BF1AB1D69DC1DFE1E40 /* Pods-kikoka.debug.xcconfig */,
				2109A44CCC1F40462428A9A7 /* Pods-kikoka.release.xcconfig */,
			);
			path = Pods;
			sourceTree = "<group>";
		};
		D8D5959A2751B45A006FFD1F = {
			isa = PBXGroup;
			children = (
				D8D595A52751B45A006FFD1F /* kikoka */,
				D8D595A42751B45A006FFD1F /* Products */,
				83E6CC952E6A0B22900B42F5 /* Pods */,
				223557F3D3D5243CF8B69994 /* Frameworks */,
			);
			sourceTree = "<group>";
		};
		D8D595A42751B45A006FFD1F /* Products */ = {
			isa = PBXGroup;
			children = (
				D8D595A32751B45A006FFD1F /* kikoka.app */,
			);
			name = Products;
			sourceTree = "<group>";
		};
		D8D595A52751B45A006FFD1F /* kikoka */ = {
			isa = PBXGroup;
			children = (
				D8D595BE2751BAC2006FFD1F /* Structs */,
				D8D595A62751B45A006FFD1F /* AppDelegate.swift */,
				D8D595A82751B45A006FFD1F /* SceneDelegate.swift */,
				D8D595AA2751B45A006FFD1F /* ViewController.swift */,
				D8D595AC2751B45A006FFD1F /* Main.storyboard */,
				D8A6BBBB27527707004C07C5 /* StoreQuestionViewController.swift */,
				D85A9A60275215B400A75140 /* ShowViewController.swift */,
				D8D595C32751C3EF006FFD1F /* RegisterViewController.swift */,
				D89606772751FC6F008BFFBE /* IndexViewController.swift */,
				D8D595C12751C3A7006FFD1F /* LoginViewController.swift */,
				D8D595BA2751B8CF006FFD1F /* FirstViewController.swift */,
				D8D595AF2751B45B006FFD1F /* Assets.xcassets */,
				D8D595B12751B45B006FFD1F /* LaunchScreen.storyboard */,
				D8D595B42751B45B006FFD1F /* Info.plist */,
			);
			path = kikoka;
			sourceTree = "<group>";
		};
		D8D595BE2751BAC2006FFD1F /* Structs */ = {
			isa = PBXGroup;
			children = (
				D8D595BF2751BAD5006FFD1F /* Constants.swift */,
				D89606732751F008008BFFBE /* Question.swift */,
				D89606752751F0B4008BFFBE /* User.swift */,
				D89606792752016F008BFFBE /* Answer.swift */,
				D85A9A562752127500A75140 /* ShowQuestion.swift */,
			);
			path = Structs;
			sourceTree = "<group>";
		};
/* End PBXGroup section */

/* Begin PBXNativeTarget section */
		D8D595A22751B45A006FFD1F /* kikoka */ = {
			isa = PBXNativeTarget;
			buildConfigurationList = D8D595B72751B45B006FFD1F /* Build configuration list for PBXNativeTarget "kikoka" */;
			buildPhases = (
				D20748F4D781C7254345A622 /* [CP] Check Pods Manifest.lock */,
				D8D5959F2751B45A006FFD1F /* Sources */,
				D8D595A02751B45A006FFD1F /* Frameworks */,
				D8D595A12751B45A006FFD1F /* Resources */,
				696E4CBABAB9F8DCFC681877 /* [CP] Embed Pods Frameworks */,
			);
			buildRules = (
			);
			dependencies = (
			);
			name = kikoka;
			productName = kikoka;
			productReference = D8D595A32751B45A006FFD1F /* kikoka.app */;
			productType = "com.apple.product-type.application";
		};
/* End PBXNativeTarget section */

/* Begin PBXProject section */
		D8D5959B2751B45A006FFD1F /* Project object */ = {
			isa = PBXProject;
			attributes = {
				BuildIndependentTargetsInParallel = 1;
				LastSwiftUpdateCheck = 1300;
				LastUpgradeCheck = 1300;
				TargetAttributes = {
					D8D595A22751B45A006FFD1F = {
						CreatedOnToolsVersion = 13.0;
					};
				};
			};
			buildConfigurationList = D8D5959E2751B45A006FFD1F /* Build configuration list for PBXProject "kikoka" */;
			compatibilityVersion = "Xcode 13.0";
			developmentRegion = en;
			hasScannedForEncodings = 0;
			knownRegions = (
				en,
				Base,
			);
			mainGroup = D8D5959A2751B45A006FFD1F;
			productRefGroup = D8D595A42751B45A006FFD1F /* Products */;
			projectDirPath = "";
			projectRoot = "";
			targets = (
				D8D595A22751B45A006FFD1F /* kikoka */,
			);
		};
/* End PBXProject section */

/* Begin PBXResourcesBuildPhase section */
		D8D595A12751B45A006FFD1F /* Resources */ = {
			isa = PBXResourcesBuildPhase;
			buildActionMask = 2147483647;
			files = (
				D8D595B32751B45B006FFD1F /* LaunchScreen.storyboard in Resources */,
				D8D595B02751B45B006FFD1F /* Assets.xcassets in Resources */,
				D8D595AE2751B45A006FFD1F /* Main.storyboard in Resources */,
			);
			runOnlyForDeploymentPostprocessing = 0;
		};
/* End PBXResourcesBuildPhase section */

/* Begin PBXShellScriptBuildPhase section */
		696E4CBABAB9F8DCFC681877 /* [CP] Embed Pods Frameworks */ = {
			isa = PBXShellScriptBuildPhase;
			buildActionMask = 2147483647;
			files = (
			);
			inputFileListPaths = (
				"${PODS_ROOT}/Target Support Files/Pods-kikoka/Pods-kikoka-frameworks-${CONFIGURATION}-input-files.xcfilelist",
			);
			name = "[CP] Embed Pods Frameworks";
			outputFileListPaths = (
				"${PODS_ROOT}/Target Support Files/Pods-kikoka/Pods-kikoka-frameworks-${CONFIGURATION}-output-files.xcfilelist",
			);
			runOnlyForDeploymentPostprocessing = 0;
			shellPath = /bin/sh;
			shellScript = "\"${PODS_ROOT}/Target Support Files/Pods-kikoka/Pods-kikoka-frameworks.sh\"\n";
			showEnvVarsInLog = 0;
		};
		D20748F4D781C7254345A622 /* [CP] Check Pods Manifest.lock */ = {
			isa = PBXShellScriptBuildPhase;
			buildActionMask = 2147483647;
			files = (
			);
			inputFileListPaths = (
			);
			inputPaths = (
				"${PODS_PODFILE_DIR_PATH}/Podfile.lock",
				"${PODS_ROOT}/Manifest.lock",
			);
			name = "[CP] Check Pods Manifest.lock";
			outputFileListPaths = (
			);
			outputPaths = (
				"$(DERIVED_FILE_DIR)/Pods-kikoka-checkManifestLockResult.txt",
			);
			runOnlyForDeploymentPostprocessing = 0;
			shellPath = /bin/sh;
			shellScript = "diff \"${PODS_PODFILE_DIR_PATH}/Podfile.lock\" \"${PODS_ROOT}/Manifest.lock\" > /dev/null\nif [ $? != 0 ] ; then\n    # print error to STDERR\n    echo \"error: The sandbox is not in sync with the Podfile.lock. Run 'pod install' or update your CocoaPods installation.\" >&2\n    exit 1\nfi\n# This output is used by Xcode 'outputs' to avoid re-running this script phase.\necho \"SUCCESS\" > \"${SCRIPT_OUTPUT_FILE_0}\"\n";
			showEnvVarsInLog = 0;
		};
/* End PBXShellScriptBuildPhase section */

/* Begin PBXSourcesBuildPhase section */
		D8D5959F2751B45A006FFD1F /* Sources */ = {
			isa = PBXSourcesBuildPhase;
			buildActionMask = 2147483647;
			files = (
				D8A6BBBC27527707004C07C5 /* StoreQuestionViewController.swift in Sources */,
				D8D595C22751C3A7006FFD1F /* LoginViewController.swift in Sources */,
				D8D595C02751BAD5006FFD1F /* Constants.swift in Sources */,
				D8D595AB2751B45A006FFD1F /* ViewController.swift in Sources */,
				D89606742751F008008BFFBE /* Question.swift in Sources */,
				D8D595C42751C3EF006FFD1F /* RegisterViewController.swift in Sources */,
				D8D595A72751B45A006FFD1F /* AppDelegate.swift in Sources */,
				D85A9A572752127500A75140 /* ShowQuestion.swift in Sources */,
				D8D595A92751B45A006FFD1F /* SceneDelegate.swift in Sources */,
				D89606762751F0B4008BFFBE /* User.swift in Sources */,
				D85A9A61275215B400A75140 /* ShowViewController.swift in Sources */,
				D896067A2752016F008BFFBE /* Answer.swift in Sources */,
				D89606782751FC6F008BFFBE /* IndexViewController.swift in Sources */,
				D8D595BB2751B8CF006FFD1F /* FirstViewController.swift in Sources */,
			);
			runOnlyForDeploymentPostprocessing = 0;
		};
/* End PBXSourcesBuildPhase section */

/* Begin PBXVariantGroup section */
		D8D595AC2751B45A006FFD1F /* Main.storyboard */ = {
			isa = PBXVariantGroup;
			children = (
				D8D595AD2751B45A006FFD1F /* Base */,
			);
			name = Main.storyboard;
			sourceTree = "<group>";
		};
		D8D595B12751B45B006FFD1F /* LaunchScreen.storyboard */ = {
			isa = PBXVariantGroup;
			children = (
				D8D595B22751B45B006FFD1F /* Base */,
			);
			name = LaunchScreen.storyboard;
			sourceTree = "<group>";
		};
/* End PBXVariantGroup section */

/* Begin XCBuildConfiguration section */
		D8D595B52751B45B006FFD1F /* Debug */ = {
			isa = XCBuildConfiguration;
			buildSettings = {
				ALWAYS_SEARCH_USER_PATHS = NO;
				CLANG_ANALYZER_NONNULL = YES;
				CLANG_ANALYZER_NUMBER_OBJECT_CONVERSION = YES_AGGRESSIVE;
				CLANG_CXX_LANGUAGE_STANDARD = "gnu++17";
				CLANG_CXX_LIBRARY = "libc++";
				CLANG_ENABLE_MODULES = YES;
				CLANG_ENABLE_OBJC_ARC = YES;
				CLANG_ENABLE_OBJC_WEAK = YES;
				CLANG_WARN_BLOCK_CAPTURE_AUTORELEASING = YES;
				CLANG_WARN_BOOL_CONVERSION = YES;
				CLANG_WARN_COMMA = YES;
				CLANG_WARN_CONSTANT_CONVERSION = YES;
				CLANG_WARN_DEPRECATED_OBJC_IMPLEMENTATIONS = YES;
				CLANG_WARN_DIRECT_OBJC_ISA_USAGE = YES_ERROR;
				CLANG_WARN_DOCUMENTATION_COMMENTS = YES;
				CLANG_WARN_EMPTY_BODY = YES;
				CLANG_WARN_ENUM_CONVERSION = YES;
				CLANG_WARN_INFINITE_RECURSION = YES;
				CLANG_WARN_INT_CONVERSION = YES;
				CLANG_WARN_NON_LITERAL_NULL_CONVERSION = YES;
				CLANG_WARN_OBJC_IMPLICIT_RETAIN_SELF = YES;
				CLANG_WARN_OBJC_LITERAL_CONVERSION = YES;
				CLANG_WARN_OBJC_ROOT_CLASS = YES_ERROR;
				CLANG_WARN_QUOTED_INCLUDE_IN_FRAMEWORK_HEADER = YES;
				CLANG_WARN_RANGE_LOOP_ANALYSIS = YES;
				CLANG_WARN_STRICT_PROTOTYPES = YES;
				CLANG_WARN_SUSPICIOUS_MOVE = YES;
				CLANG_WARN_UNGUARDED_AVAILABILITY = YES_AGGRESSIVE;
				CLANG_WARN_UNREACHABLE_CODE = YES;
				CLANG_WARN__DUPLICATE_METHOD_MATCH = YES;
				COPY_PHASE_STRIP = NO;
				DEBUG_INFORMATION_FORMAT = dwarf;
				ENABLE_STRICT_OBJC_MSGSEND = YES;
				ENABLE_TESTABILITY = YES;
				GCC_C_LANGUAGE_STANDARD = gnu11;
				GCC_DYNAMIC_NO_PIC = NO;
				GCC_NO_COMMON_BLOCKS = YES;
				GCC_OPTIMIZATION_LEVEL = 0;
				GCC_PREPROCESSOR_DEFINITIONS = (
					"DEBUG=1",
					"$(inherited)",
				);
				GCC_WARN_64_TO_32_BIT_CONVERSION = YES;
				GCC_WARN_ABOUT_RETURN_TYPE = YES_ERROR;
				GCC_WARN_UNDECLARED_SELECTOR = YES;
				GCC_WARN_UNINITIALIZED_AUTOS = YES_AGGRESSIVE;
				GCC_WARN_UNUSED_FUNCTION = YES;
				GCC_WARN_UNUSED_VARIABLE = YES;
				IPHONEOS_DEPLOYMENT_TARGET = 15.0;
				MTL_ENABLE_DEBUG_INFO = INCLUDE_SOURCE;
				MTL_FAST_MATH = YES;
				ONLY_ACTIVE_ARCH = YES;
				SDKROOT = iphoneos;
				SWIFT_ACTIVE_COMPILATION_CONDITIONS = DEBUG;
				SWIFT_OPTIMIZATION_LEVEL = "-Onone";
			};
			name = Debug;
		};
		D8D595B62751B45B006FFD1F /* Release */ = {
			isa = XCBuildConfiguration;
			buildSettings = {
				ALWAYS_SEARCH_USER_PATHS = NO;
				CLANG_ANALYZER_NONNULL = YES;
				CLANG_ANALYZER_NUMBER_OBJECT_CONVERSION = YES_AGGRESSIVE;
				CLANG_CXX_LANGUAGE_STANDARD = "gnu++17";
				CLANG_CXX_LIBRARY = "libc++";
				CLANG_ENABLE_MODULES = YES;
				CLANG_ENABLE_OBJC_ARC = YES;
				CLANG_ENABLE_OBJC_WEAK = YES;
				CLANG_WARN_BLOCK_CAPTURE_AUTORELEASING = YES;
				CLANG_WARN_BOOL_CONVERSION = YES;
				CLANG_WARN_COMMA = YES;
				CLANG_WARN_CONSTANT_CONVERSION = YES;
				CLANG_WARN_DEPRECATED_OBJC_IMPLEMENTATIONS = YES;
				CLANG_WARN_DIRECT_OBJC_ISA_USAGE = YES_ERROR;
				CLANG_WARN_DOCUMENTATION_COMMENTS = YES;
				CLANG_WARN_EMPTY_BODY = YES;
				CLANG_WARN_ENUM_CONVERSION = YES;
				CLANG_WARN_INFINITE_RECURSION = YES;
				CLANG_WARN_INT_CONVERSION = YES;
				CLANG_WARN_NON_LITERAL_NULL_CONVERSION = YES;
				CLANG_WARN_OBJC_IMPLICIT_RETAIN_SELF = YES;
				CLANG_WARN_OBJC_LITERAL_CONVERSION = YES;
				CLANG_WARN_OBJC_ROOT_CLASS = YES_ERROR;
				CLANG_WARN_QUOTED_INCLUDE_IN_FRAMEWORK_HEADER = YES;
				CLANG_WARN_RANGE_LOOP_ANALYSIS = YES;
				CLANG_WARN_STRICT_PROTOTYPES = YES;
				CLANG_WARN_SUSPICIOUS_MOVE = YES;
				CLANG_WARN_UNGUARDED_AVAILABILITY = YES_AGGRESSIVE;
				CLANG_WARN_UNREACHABLE_CODE = YES;
				CLANG_WARN__DUPLICATE_METHOD_MATCH = YES;
				COPY_PHASE_STRIP = NO;
				DEBUG_INFORMATION_FORMAT = "dwarf-with-dsym";
				ENABLE_NS_ASSERTIONS = NO;
				ENABLE_STRICT_OBJC_MSGSEND = YES;
				GCC_C_LANGUAGE_STANDARD = gnu11;
				GCC_NO_COMMON_BLOCKS = YES;
				GCC_WARN_64_TO_32_BIT_CONVERSION = YES;
				GCC_WARN_ABOUT_RETURN_TYPE = YES_ERROR;
				GCC_WARN_UNDECLARED_SELECTOR = YES;
				GCC_WARN_UNINITIALIZED_AUTOS = YES_AGGRESSIVE;
				GCC_WARN_UNUSED_FUNCTION = YES;
				GCC_WARN_UNUSED_VARIABLE = YES;
				IPHONEOS_DEPLOYMENT_TARGET = 15.0;
				MTL_ENABLE_DEBUG_INFO = NO;
				MTL_FAST_MATH = YES;
				SDKROOT = iphoneos;
				SWIFT_COMPILATION_MODE = wholemodule;
				SWIFT_OPTIMIZATION_LEVEL = "-O";
				VALIDATE_PRODUCT = YES;
			};
			name = Release;
		};
		D8D595B82751B45B006FFD1F /* Debug */ = {
			isa = XCBuildConfiguration;
			baseConfigurationReference = 8B157BF1AB1D69DC1DFE1E40 /* Pods-kikoka.debug.xcconfig */;
			buildSettings = {
				ASSETCATALOG_COMPILER_APPICON_NAME = AppIcon;
				ASSETCATALOG_COMPILER_GLOBAL_ACCENT_COLOR_NAME = AccentColor;
				CODE_SIGN_STYLE = Automatic;
				CURRENT_PROJECT_VERSION = 1;
				DEVELOPMENT_TEAM = 9V838VVBUM;
				GENERATE_INFOPLIST_FILE = YES;
				INFOPLIST_FILE = kikoka/Info.plist;
				INFOPLIST_KEY_UIApplicationSupportsIndirectInputEvents = YES;
				INFOPLIST_KEY_UILaunchStoryboardName = LaunchScreen;
				INFOPLIST_KEY_UIMainStoryboardFile = Main;
				INFOPLIST_KEY_UISupportedInterfaceOrientations_iPad = "UIInterfaceOrientationPortrait UIInterfaceOrientationPortraitUpsideDown UIInterfaceOrientationLandscapeLeft UIInterfaceOrientationLandscapeRight";
				INFOPLIST_KEY_UISupportedInterfaceOrientations_iPhone = "UIInterfaceOrientationPortrait UIInterfaceOrientationLandscapeLeft UIInterfaceOrientationLandscapeRight";
				LD_RUNPATH_SEARCH_PATHS = (
					"$(inherited)",
					"@executable_path/Frameworks",
				);
				MARKETING_VERSION = 1.0;
				PRODUCT_BUNDLE_IDENTIFIER = com.oyuki.kikoka;
				PRODUCT_NAME = "$(TARGET_NAME)";
				SWIFT_EMIT_LOC_STRINGS = YES;
				SWIFT_VERSION = 5.0;
				TARGETED_DEVICE_FAMILY = "1,2";
			};
			name = Debug;
		};
		D8D595B92751B45B006FFD1F /* Release */ = {
			isa = XCBuildConfiguration;
			baseConfigurationReference = 2109A44CCC1F40462428A9A7 /* Pods-kikoka.release.xcconfig */;
			buildSettings = {
				ASSETCATALOG_COMPILER_APPICON_NAME = AppIcon;
				ASSETCATALOG_COMPILER_GLOBAL_ACCENT_COLOR_NAME = AccentColor;
				CODE_SIGN_STYLE = Automatic;
				CURRENT_PROJECT_VERSION = 1;
				DEVELOPMENT_TEAM = 9V838VVBUM;
				GENERATE_INFOPLIST_FILE = YES;
				INFOPLIST_FILE = kikoka/Info.plist;
				INFOPLIST_KEY_UIApplicationSupportsIndirectInputEvents = YES;
				INFOPLIST_KEY_UILaunchStoryboardName = LaunchScreen;
				INFOPLIST_KEY_UIMainStoryboardFile = Main;
				INFOPLIST_KEY_UISupportedInterfaceOrientations_iPad = "UIInterfaceOrientationPortrait UIInterfaceOrientationPortraitUpsideDown UIInterfaceOrientationLandscapeLeft UIInterfaceOrientationLandscapeRight";
				INFOPLIST_KEY_UISupportedInterfaceOrientations_iPhone = "UIInterfaceOrientationPortrait UIInterfaceOrientationLandscapeLeft UIInterfaceOrientationLandscapeRight";
				LD_RUNPATH_SEARCH_PATHS = (
					"$(inherited)",
					"@executable_path/Frameworks",
				);
				MARKETING_VERSION = 1.0;
				PRODUCT_BUNDLE_IDENTIFIER = com.oyuki.kikoka;
				PRODUCT_NAME = "$(TARGET_NAME)";
				SWIFT_EMIT_LOC_STRINGS = YES;
				SWIFT_VERSION = 5.0;
				TARGETED_DEVICE_FAMILY = "1,2";
			};
			name = Release;
		};
/* End XCBuildConfiguration section */

/* Begin XCConfigurationList section */
		D8D5959E2751B45A006FFD1F /* Build configuration list for PBXProject "kikoka" */ = {
			isa = XCConfigurationList;
			buildConfigurations = (
				D8D595B52751B45B006FFD1F /* Debug */,
				D8D595B62751B45B006FFD1F /* Release */,
			);
			defaultConfigurationIsVisible = 0;
			defaultConfigurationName = Release;
		};
		D8D595B72751B45B006FFD1F /* Build configuration list for PBXNativeTarget "kikoka" */ = {
			isa = XCConfigurationList;
			buildConfigurations = (
				D8D595B82751B45B006FFD1F /* Debug */,
				D8D595B92751B45B006FFD1F /* Release */,
			);
			defaultConfigurationIsVisible = 0;
			defaultConfigurationName = Release;
		};
/* End XCConfigurationList section */
	};
	rootObject = D8D5959B2751B45A006FFD1F /* Project object */;
}
